<?xml version="1.0" encoding="utf-8"?>
<Project ToolsVersion="4.0" xmlns="http://schemas.microsoft.com/developer/msbuild/2003">
  <ItemGroup>
    <Filter Include="Source Files">
      <UniqueIdentifier>{4FC737F1-C7A5-4376-A066-2A32D752A2FF}</UniqueIdentifier>
      <Extensions>cpp;c;cc;cxx;c++;cppm;ixx;def;odl;idl;hpj;bat;asm;asmx</Extensions>
    </Filter>
    <Filter Include="Header Files">
      <UniqueIdentifier>{93995380-89BD-4b04-88EB-625FBE52EBFB}</UniqueIdentifier>
      <Extensions>h;hh;hpp;hxx;h++;hm;inl;inc;ipp;xsd</Extensions>
    </Filter>
    <Filter Include="Resource Files">
      <UniqueIdentifier>{67DA6AB6-F800-4c08-8B7A-83BB121AAD01}</UniqueIdentifier>
      <Extensions>rc;ico;cur;bmp;dlg;rc2;rct;bin;rgs;gif;jpg;jpeg;jpe;resx;tiff;tif;png;wav;mfcribbon-ms</Extensions>
    </Filter>
    <Filter Include="Header Files\IMGUI">
      <UniqueIdentifier>{a63097f5-4d50-496e-8917-4fe4b5a3c404}</UniqueIdentifier>
    </Filter>
    <Filter Include="Header Files\DEVICES">
      <UniqueIdentifier>{8e1e834a-6f92-4a1c-b3c8-7bde0e2292f3}</UniqueIdentifier>
    </Filter>
    <Filter Include="Header Files\Graphics">
      <UniqueIdentifier>{44b6924f-e90c-42b7-94a9-840ec63383e4}</UniqueIdentifier>
    </Filter>
    <Filter Include="Header Files\Scripting Languages">
      <UniqueIdentifier>{cc3ef2f2-4373-4872-9fee-3bf9de151ec8}</UniqueIdentifier>
    </Filter>
    <Filter Include="Assembly">
      <UniqueIdentifier>{4e99f3a4-637b-4969-94bd-1fd8f8c5308e}</UniqueIdentifier>
    </Filter>
    <Filter Include="Header Files\FunctionTools">
      <UniqueIdentifier>{570e6546-4cfc-419b-82a5-fb4d6e6b629c}</UniqueIdentifier>
    </Filter>
    <Filter Include="Header Files\Scripting Languages\Compiled">
      <UniqueIdentifier>{9c4bbf7f-3dfa-4f12-ac52-9dc7f319f058}</UniqueIdentifier>
    </Filter>
    <Filter Include="Header Files\Scripting Languages\VM">
      <UniqueIdentifier>{699e7275-3510-4653-9f9d-1bab3b4d9e3d}</UniqueIdentifier>
    </Filter>
    <Filter Include="Header Files\Scripting Languages\Language Manager">
      <UniqueIdentifier>{d4c24247-54a6-4697-b31d-83dbcebf01d0}</UniqueIdentifier>
    </Filter>
    <Filter Include="Header Files\Scripting Languages\Language Bases">
      <UniqueIdentifier>{b3da00be-37e7-4e21-98e3-cd1611e1419b}</UniqueIdentifier>
    </Filter>
    <Filter Include="Header Files\Physics">
      <UniqueIdentifier>{c4d527e5-db80-4f24-b7d0-3a5b0a563db2}</UniqueIdentifier>
    </Filter>
  </ItemGroup>
  <ItemGroup>
    <ClCompile Include="RedPandaEngine.cpp">
      <Filter>Source Files</Filter>
    </ClCompile>
    <ClCompile Include="util.cpp">
      <Filter>Source Files</Filter>
    </ClCompile>
    <ClCompile Include="G:\SDKs\imgui\imgui.cpp">
      <Filter>Header Files\IMGUI</Filter>
    </ClCompile>
    <ClCompile Include="G:\SDKs\imgui\imgui_demo.cpp">
      <Filter>Header Files\IMGUI</Filter>
    </ClCompile>
    <ClCompile Include="G:\SDKs\imgui\imgui_draw.cpp">
      <Filter>Header Files\IMGUI</Filter>
    </ClCompile>
    <ClCompile Include="G:\SDKs\imgui\imgui_tables.cpp">
      <Filter>Header Files\IMGUI</Filter>
    </ClCompile>
    <ClCompile Include="G:\SDKs\imgui\imgui_widgets.cpp">
      <Filter>Header Files\IMGUI</Filter>
    </ClCompile>
    <ClCompile Include="G:\SDKs\imgui\backends\imgui_impl_glfw.cpp">
      <Filter>Header Files\IMGUI</Filter>
    </ClCompile>
    <ClCompile Include="G:\SDKs\imgui\backends\imgui_impl_opengl2.cpp">
      <Filter>Header Files\IMGUI</Filter>
    </ClCompile>
    <ClCompile Include="G:\SDKs\imgui\backends\imgui_impl_opengl3.cpp">
      <Filter>Header Files\IMGUI</Filter>
    </ClCompile>
    <ClCompile Include="Graphics.cpp">
      <Filter>Source Files</Filter>
    </ClCompile>
    <ClCompile Include="Physics.cpp">
      <Filter>Header Files\Physics</Filter>
    </ClCompile>
  </ItemGroup>
  <ItemGroup>
    <ClInclude Include="util.h">
      <Filter>Header Files</Filter>
    </ClInclude>
    <ClInclude Include="G:\SDKs\imgui\imconfig.h">
      <Filter>Header Files\IMGUI</Filter>
    </ClInclude>
    <ClInclude Include="G:\SDKs\imgui\imgui.h">
      <Filter>Header Files\IMGUI</Filter>
    </ClInclude>
    <ClInclude Include="G:\SDKs\imgui\imgui_internal.h">
      <Filter>Header Files\IMGUI</Filter>
    </ClInclude>
    <ClInclude Include="G:\SDKs\imgui\imstb_rectpack.h">
      <Filter>Header Files\IMGUI</Filter>
    </ClInclude>
    <ClInclude Include="G:\SDKs\imgui\imstb_textedit.h">
      <Filter>Header Files\IMGUI</Filter>
    </ClInclude>
    <ClInclude Include="G:\SDKs\imgui\imstb_truetype.h">
      <Filter>Header Files\IMGUI</Filter>
    </ClInclude>
    <ClInclude Include="G:\SDKs\imgui\backends\imgui_impl_glfw.h">
      <Filter>Header Files\IMGUI</Filter>
    </ClInclude>
    <ClInclude Include="G:\SDKs\imgui\backends\imgui_impl_opengl2.h">
      <Filter>Header Files\IMGUI</Filter>
    </ClInclude>
    <ClInclude Include="G:\SDKs\imgui\backends\imgui_impl_opengl3.h">
      <Filter>Header Files\IMGUI</Filter>
    </ClInclude>
    <ClInclude Include="G:\SDKs\imgui\backends\imgui_impl_opengl3_loader.h">
      <Filter>Header Files\IMGUI</Filter>
    </ClInclude>
    <ClInclude Include="Lovense_Device.h">
      <Filter>Header Files\DEVICES</Filter>
    </ClInclude>
    <ClInclude Include="Kinect.h">
      <Filter>Header Files\DEVICES</Filter>
    </ClInclude>
    <ClInclude Include="DEVICE.h">
      <Filter>Header Files\DEVICES</Filter>
    </ClInclude>
    <ClInclude Include="Graphics.h">
      <Filter>Header Files\Graphics</Filter>
    </ClInclude>
    <ClInclude Include="FunctionTools.h">
      <Filter>Header Files\FunctionTools</Filter>
    </ClInclude>
    <ClInclude Include="Lua.h">
      <Filter>Header Files\Scripting Languages\VM</Filter>
    </ClInclude>
    <ClInclude Include="Python.h">
      <Filter>Header Files\Scripting Languages\VM</Filter>
    </ClInclude>
    <ClInclude Include="Native.h">
      <Filter>Header Files\Scripting Languages\Compiled</Filter>
    </ClInclude>
    <ClInclude Include="CSharp.h">
      <Filter>Header Files\Scripting Languages\Compiled</Filter>
    </ClInclude>
    <ClInclude Include="Java.h">
      <Filter>Header Files\Scripting Languages\Compiled</Filter>
    </ClInclude>
    <ClInclude Include="Language_Manager.h">
      <Filter>Header Files\Scripting Languages\Language Manager</Filter>
    </ClInclude>
    <ClInclude Include="Language.h">
      <Filter>Header Files\Scripting Languages\Language Bases</Filter>
    </ClInclude>
    <ClInclude Include="CompiledLanguage.h">
      <Filter>Header Files\Scripting Languages\Language Bases</Filter>
    </ClInclude>
    <ClInclude Include="VirtualMachineLanguage.h">
      <Filter>Header Files\Scripting Languages\Language Bases</Filter>
    </ClInclude>
    <ClInclude Include="Physics.h">
      <Filter>Header Files\Physics</Filter>
    </ClInclude>
  </ItemGroup>
  <ItemGroup>
    <MASM Include="FunctionTools64.asm">
      <Filter>Assembly</Filter>
    </MASM>
    <MASM Include="FunctionTools86.asm">
      <Filter>Assembly</Filter>
    </MASM>
  </ItemGroup>
  <ItemGroup>
    <None Include="ToyTypes.json">
      <Filter>Source Files</Filter>
    </None>
  </ItemGroup>
</Project>